
Microsoft Visual Studio Solution File, Format Version 12.00
# Visual Studio Version 17
VisualStudioVersion = 17.14.37216.2 d17.14
MinimumVisualStudioVersion = 10.0.40219.1
Project("{FAE04EC0-301F-11D3-BF4B-00C04F79EFBC}") = "futovat.API", "futovat.API.csproj", "{BCFE397E-8BA5-4DE7-8D5E-C4AEA5212E92}"
EndProject
Global
	GlobalSection(SolutionConfigurationPlatforms) = preSolution
		Debug|Any CPU = Debug|Any CPU
		Release|Any CPU = Release|Any CPU
	EndGlobalSection
	GlobalSection(ProjectConfigurationPlatforms) = postSolution
		{BCFE397E-8BA5-4DE7-8D5E-C4AEA5212E92}.Debug|Any CPU.ActiveCfg = Debug|Any CPU
		{BCFE397E-8BA5-4DE7-8D5E-C4AEA5212E92}.Debug|Any CPU.Build.0 = Debug|Any CPU
		{BCFE397E-8BA5-4DE7-8D5E-C4AEA5212E92}.Release|Any CPU.ActiveCfg = Release|Any CPU
		{BCFE397E-8BA5-4DE7-8D5E-C4AEA5212E92}.Release|Any CPU.Build.0 = Release|Any CPU
	EndGlobalSection
	GlobalSection(SolutionProperties) = preSolution
		HideSolutionNode = FALSE
	EndGlobalSection
	GlobalSection(ExtensibilityGlobals) = postSolution
		SolutionGuid = {EF21BA32-4390-4F72-8FD9-E573C7FFBF3B}
	EndGlobalSection
EndGlobal
